
Microsoft Visual Studio Solution File, Format Version 12.00
# Visual Studio Version 17
VisualStudioVersion = 17.14.36221.1 d17.14
MinimumVisualStudioVersion = 10.0.40219.1
Project("{FAE04EC0-301F-11D3-BF4B-00C04F79EFBC}") = "Projects", "Projects.csproj", "{D1E82C89-DCC4-416D-BA19-BA1639DA46DF}"
EndProject
Global
	GlobalSection(SolutionConfigurationPlatforms) = preSolution
		Debug|Any CPU = Debug|Any CPU
		Release|Any CPU = Release|Any CPU
	EndGlobalSection
	GlobalSection(ProjectConfigurationPlatforms) = postSolution
		{D1E82C89-DCC4-416D-BA19-BA1639DA46DF}.Debug|Any CPU.ActiveCfg = Debug|Any CPU
		{D1E82C89-DCC4-416D-BA19-BA1639DA46DF}.Debug|Any CPU.Build.0 = Debug|Any CPU
		{D1E82C89-DCC4-416D-BA19-BA1639DA46DF}.Release|Any CPU.ActiveCfg = Release|Any CPU
		{D1E82C89-DCC4-416D-BA19-BA1639DA46DF}.Release|Any CPU.Build.0 = Release|Any CPU
	EndGlobalSection
	GlobalSection(SolutionProperties) = preSolution
		HideSolutionNode = FALSE
	EndGlobalSection
	GlobalSection(ExtensibilityGlobals) = postSolution
		SolutionGuid = {C0FDEBC6-294A-409B-9B80-5EF9ADEE726B}
	EndGlobalSection
EndGlobal
